<Solution>
  <Project Path="Titan.Core/Titan.Core.csproj" />
  <Project Path="Titan.Engine/Titan.Engine.csproj" />
  <Project Path="Titan.Gateway/Titan.Gateway.csproj" />
  <Project Path="Titan.Simulator/Titan.Simulator.csproj" />
  <Folder Name="/tests/">
    <Project Path="tests/Titan.Gateway.Tests/Titan.Gateway.Tests.csproj" />
  </Folder>
  <Project Path="tests/Titan.Engine.Tests/Titan.Engine.Tests.csproj" />
</Solution>
